{
  "lockfileVersion": 1,
  "workspaces": {
    "": {
      "name": "recoin",
    },
    "application/styleguide": {
      "name": "@recoin/styleguide",
      "dependencies": {
        "@tailwindcss/vite": "^4.1.5",
        "retend": "https://pkg.pr.new/resuite/retend@4069acc",
        "retend-server": "https://pkg.pr.new/resuite/retend/retend-server@4069acc",
        "retend-utils": "https://pkg.pr.new/resuite/retend/retend-utils@4069acc",
        "vite": "npm:rolldown-vite@latest",
      },
      "devDependencies": {
        "@types/bun": "latest",
      },
      "peerDependencies": {
        "typescript": "^5",
      },
    },
    "components": {
      "name": "@recoin/components",
      "version": "0.0.0",
      "dependencies": {
        "retend": "https://pkg.pr.new/resuite/retend@4069acc",
        "retend-server": "https://pkg.pr.new/resuite/retend/retend-server@4069acc",
        "retend-utils": "https://pkg.pr.new/resuite/retend/retend-utils@4069acc",
      },
    },
  },
  "packages": {
    "@adbl/cells": ["@adbl/cells@0.0.14", "", {}, "sha512-7b7wD2rFVy21MC5vxK/rNpGruLWRutOB9UMXoTyZziks1Cvs7Yc+koD3M84YCMrqwYKiKS5P0XFPLUI66SA9TQ=="],

    "@emnapi/core": ["@emnapi/core@1.4.3", "", { "dependencies": { "@emnapi/wasi-threads": "1.0.2", "tslib": "^2.4.0" } }, "sha512-4m62DuCE07lw01soJwPiBGC0nAww0Q+RY70VZ+n49yDIO13yyinhbWCeNnaob0lakDtWQzSdtNWzJeOJt2ma+g=="],

    "@emnapi/runtime": ["@emnapi/runtime@1.4.3", "", { "dependencies": { "tslib": "^2.4.0" } }, "sha512-pBPWdu6MLKROBX05wSNKcNb++m5Er+KQ9QkB+WVM+pW2Kx9hoSrVTnu3BdkI5eBLZoKu/J6mW/B6i6bJB2ytXQ=="],

    "@emnapi/wasi-threads": ["@emnapi/wasi-threads@1.0.2", "", { "dependencies": { "tslib": "^2.4.0" } }, "sha512-5n3nTJblwRi8LlXkJ9eBzu+kZR8Yxcc7ubakyQTFzPMtIhFpUBRbsnc2Dv88IZDIbCDlBiWrknhB4Lsz7mg6BA=="],

    "@jridgewell/sourcemap-codec": ["@jridgewell/sourcemap-codec@1.5.0", "", {}, "sha512-gv3ZRaISU3fjPAgNsriBRqGWQL6quFx04YMPW/zD8XMLsU32mhCCbfbO6KZFLjvYpCZ8zyDEgqsgf+PwPaM7GQ=="],

    "@napi-rs/wasm-runtime": ["@napi-rs/wasm-runtime@0.2.9", "", { "dependencies": { "@emnapi/core": "^1.4.0", "@emnapi/runtime": "^1.4.0", "@tybys/wasm-util": "^0.9.0" } }, "sha512-OKRBiajrrxB9ATokgEQoG87Z25c67pCpYcCwmXYX8PBftC9pBfN18gnm/fh1wurSLEKIAt+QRFLFCQISrb66Jg=="],

    "@oxc-parser/binding-darwin-arm64": ["@oxc-parser/binding-darwin-arm64@0.67.0", "", { "os": "darwin", "cpu": "arm64" }, "sha512-AWLaNH7emKLCpFzHjcYr0wqE8HRpK/5vDtIAUz0BEZKsYxM/Nd8UpgRg2ZlNlEiPDMgAhpRLBHqjf9Xiv/IMhw=="],

    "@oxc-parser/binding-darwin-x64": ["@oxc-parser/binding-darwin-x64@0.67.0", "", { "os": "darwin", "cpu": "x64" }, "sha512-1wYbIWpXZ8V9jUx309LyCyK5cVqbTC3qawZ293qfGSmRTsn0F7OenRK7ERbRx7HuvWw2zgWIbWieUpO487nloQ=="],

    "@oxc-parser/binding-linux-arm-gnueabihf": ["@oxc-parser/binding-linux-arm-gnueabihf@0.67.0", "", { "os": "linux", "cpu": "arm" }, "sha512-Dry9zRk/LOvPvb/GDNkgtQZ2cJKBIc6alQOwjvpji/OdJFjqawTPJoHB0F7nd6NfRYle0tVXCFYHtGUxv2WNxQ=="],

    "@oxc-parser/binding-linux-arm64-gnu": ["@oxc-parser/binding-linux-arm64-gnu@0.67.0", "", { "os": "linux", "cpu": "arm64" }, "sha512-Bk+Fqe2J9OvIPs+FK/avTA1YL0tAQD3FgiHe0gq7HLaiuwjw8FAzi2KldyataNmIekfiSH6e+xrt2FugwDXFlw=="],

    "@oxc-parser/binding-linux-arm64-musl": ["@oxc-parser/binding-linux-arm64-musl@0.67.0", "", { "os": "linux", "cpu": "arm64" }, "sha512-zBMJOkxgcR7Fgmx6hFJQycgWCl9fhS/oW5n1Qix+cbKFe2HfgtOhI+pESEqHc642WX/93BJ1m4OMmZJl35VYgg=="],

    "@oxc-parser/binding-linux-x64-gnu": ["@oxc-parser/binding-linux-x64-gnu@0.67.0", "", { "os": "linux", "cpu": "x64" }, "sha512-/zHUMrL24fGMTEr1iHE63f8NYa2IvxfIeNo24H1ofxhtr0A2KmcgOCcEUIypFjMxD5EY5kpQ2t0Nf42o+d4LOA=="],

    "@oxc-parser/binding-linux-x64-musl": ["@oxc-parser/binding-linux-x64-musl@0.67.0", "", { "os": "linux", "cpu": "x64" }, "sha512-+JsqPXn2Op35lPEMbTyHonPHzTyvCpfaD522M5nziDt41DAOe3BMMcGgRfJXl6Dv/r8f4iZuHL3YSU8wF+elcQ=="],

    "@oxc-parser/binding-wasm32-wasi": ["@oxc-parser/binding-wasm32-wasi@0.67.0", "", { "dependencies": { "@napi-rs/wasm-runtime": "^0.2.9" }, "cpu": "none" }, "sha512-jAugJhwJvCSurHEoicL0Gp9k1XVEnrTpQ3l1YBro/jfJ5uKSpfMBPPpNZBW04gumD08RDk32nqcPbk+BezvTaw=="],

    "@oxc-parser/binding-win32-arm64-msvc": ["@oxc-parser/binding-win32-arm64-msvc@0.67.0", "", { "os": "win32", "cpu": "arm64" }, "sha512-JZparqb773ahTQoC3/e6LazRqOLhlyzNhllK73xvz/wixkYueivHxJrdYtFy4ss2VDns4Dg0MZ/zRhkBJy1enA=="],

    "@oxc-parser/binding-win32-x64-msvc": ["@oxc-parser/binding-win32-x64-msvc@0.67.0", "", { "os": "win32", "cpu": "x64" }, "sha512-jP5BkhItHRg0J/JfTp1L8D57VMyFgKrXeqH8h8CS04WL1V/ZbBUSr6FnK8gfy7eeKQZg7K7ZeJRTEEcW6i3nwQ=="],

    "@oxc-project/runtime": ["@oxc-project/runtime@0.68.1", "", {}, "sha512-MMPhKwVPyykU7F6id79Bb9DAM8BqT3HbJNRxJnuh68uARDDAEn252dq/AjSa3i8JWmtnKZIdm+ORAyjFZD7bzQ=="],

    "@oxc-project/types": ["@oxc-project/types@0.68.1", "", {}, "sha512-Q/H52+HXPPxuIHwQnVkEM8GebLnNcokkI4zQQdbxLIZdfxMGhAm9+gEqsMku3t95trN/1titHUmCM9NxbKaE2g=="],

    "@recoin/components": ["@recoin/components@workspace:components"],

    "@recoin/styleguide": ["@recoin/styleguide@workspace:application/styleguide"],

    "@rolldown/binding-darwin-arm64": ["@rolldown/binding-darwin-arm64@1.0.0-beta.8-commit.c76291c", "", { "os": "darwin", "cpu": "arm64" }, "sha512-z0bulabL226ciSH6Xz2AuoAEohLRwPTv9qc3qBBHvdnYnBDQaK7HDFa2L84H2DKWI1r5si4JEDgv7H/TUdS9lA=="],

    "@rolldown/binding-darwin-x64": ["@rolldown/binding-darwin-x64@1.0.0-beta.8-commit.c76291c", "", { "os": "darwin", "cpu": "x64" }, "sha512-vXjDtZxjZdx8LccYBnNNp2Yd0mU7ZS7tK9nOPq5M1kH5XgB5kE7rFwrZicmJWWRkVYFubh2SVRBuL/yNCZBbxw=="],

    "@rolldown/binding-freebsd-x64": ["@rolldown/binding-freebsd-x64@1.0.0-beta.8-commit.c76291c", "", { "os": "freebsd", "cpu": "x64" }, "sha512-t2pmx9CyeLEfd7uUzVHY7+dmWQZROdv4HOdhj/v4930yCJ9Nlm5SUwnQr274VqFnpW6yksQYbqLWnXCWWBV6vA=="],

    "@rolldown/binding-linux-arm-gnueabihf": ["@rolldown/binding-linux-arm-gnueabihf@1.0.0-beta.8-commit.c76291c", "", { "os": "linux", "cpu": "arm" }, "sha512-7R62A7FKnY+pqArhju9g3czhXNg1LhmcqwMFO0ek2zaOO8ofEECSVQGqQAPctjKOMB312bWqfpziYY4dAQLNlQ=="],

    "@rolldown/binding-linux-arm64-gnu": ["@rolldown/binding-linux-arm64-gnu@1.0.0-beta.8-commit.c76291c", "", { "os": "linux", "cpu": "arm64" }, "sha512-Tk3cRfyrt55ewiB2BgEcdh2EKU6axvgNpEKaQ5EMaKWX8yof2QPmSPSlCTpmIgCT5w/KEVCa3tf2ZhSeM6WmLQ=="],

    "@rolldown/binding-linux-arm64-musl": ["@rolldown/binding-linux-arm64-musl@1.0.0-beta.8-commit.c76291c", "", { "os": "linux", "cpu": "arm64" }, "sha512-KtnGCqz8v5wdm/PYURRFMsF1aF7rAHHopP3dXzFqKHyBdm0vje+r8cVy/97WwKYFxxDmi7f0DZJ0TxxuP5gRnA=="],

    "@rolldown/binding-linux-x64-gnu": ["@rolldown/binding-linux-x64-gnu@1.0.0-beta.8-commit.c76291c", "", { "os": "linux", "cpu": "x64" }, "sha512-UoROGcEBmKCPlRyQy9rfDy6IxmWaMQOenHkcWyMhFqJh4JVsWfS6inNd4TF5rKiRy5SzbJwr8qM0j/GjTCGcmw=="],

    "@rolldown/binding-linux-x64-musl": ["@rolldown/binding-linux-x64-musl@1.0.0-beta.8-commit.c76291c", "", { "os": "linux", "cpu": "x64" }, "sha512-VJzh1UCukRGUuJIWkVgnXRLLr7G6yrkWo9PrS43swuGyBUb3a54MT4LYJkcEvteJmOg7ejCpENXtsUwnOESJkA=="],

    "@rolldown/binding-wasm32-wasi": ["@rolldown/binding-wasm32-wasi@1.0.0-beta.8-commit.c76291c", "", { "dependencies": { "@napi-rs/wasm-runtime": "^0.2.4" }, "cpu": "none" }, "sha512-IZThgZ9X6q74lYM6JdW2vTy2IAYNzXrhVvRShQqy4DrC+RLhMYZ4C8M4J/sStn2wCTxCWmXVHIi7bZRH5//T6A=="],

    "@rolldown/binding-win32-arm64-msvc": ["@rolldown/binding-win32-arm64-msvc@1.0.0-beta.8-commit.c76291c", "", { "os": "win32", "cpu": "arm64" }, "sha512-BZ8yIlj/XbFS3B0+oJ9kSv1l8vZxWSts3Uxr/SwEQb3QmvHiX04m8Nd6+crzY6Lv7Kj4esWSpB/QpW8a89kqZA=="],

    "@rolldown/binding-win32-ia32-msvc": ["@rolldown/binding-win32-ia32-msvc@1.0.0-beta.8-commit.c76291c", "", { "os": "win32", "cpu": "ia32" }, "sha512-czB8wXEz7NfLGlr9O6f9tTZGFsNaeWv8cF/0Dau95GMlfy5pZ1PzlwcoHKCclT3vROoQOLA1YbGT4HXhgwgzQA=="],

    "@rolldown/binding-win32-x64-msvc": ["@rolldown/binding-win32-x64-msvc@1.0.0-beta.8-commit.c76291c", "", { "os": "win32", "cpu": "x64" }, "sha512-5ndBU5nWh1lC0IB8k7jqqTN9T4JSvZjsGyAojcS8chmzIWG3q8XiuzYS8ohk7OYy4Suy9n8VTtBGLcz8K00Q9g=="],

    "@tailwindcss/node": ["@tailwindcss/node@4.1.5", "", { "dependencies": { "enhanced-resolve": "^5.18.1", "jiti": "^2.4.2", "lightningcss": "1.29.2", "tailwindcss": "4.1.5" } }, "sha512-CBhSWo0vLnWhXIvpD0qsPephiaUYfHUX3U9anwDaHZAeuGpTiB3XmsxPAN6qX7bFhipyGBqOa1QYQVVhkOUGxg=="],

    "@tailwindcss/oxide": ["@tailwindcss/oxide@4.1.5", "", { "optionalDependencies": { "@tailwindcss/oxide-android-arm64": "4.1.5", "@tailwindcss/oxide-darwin-arm64": "4.1.5", "@tailwindcss/oxide-darwin-x64": "4.1.5", "@tailwindcss/oxide-freebsd-x64": "4.1.5", "@tailwindcss/oxide-linux-arm-gnueabihf": "4.1.5", "@tailwindcss/oxide-linux-arm64-gnu": "4.1.5", "@tailwindcss/oxide-linux-arm64-musl": "4.1.5", "@tailwindcss/oxide-linux-x64-gnu": "4.1.5", "@tailwindcss/oxide-linux-x64-musl": "4.1.5", "@tailwindcss/oxide-wasm32-wasi": "4.1.5", "@tailwindcss/oxide-win32-arm64-msvc": "4.1.5", "@tailwindcss/oxide-win32-x64-msvc": "4.1.5" } }, "sha512-1n4br1znquEvyW/QuqMKQZlBen+jxAbvyduU87RS8R3tUSvByAkcaMTkJepNIrTlYhD+U25K4iiCIxE6BGdRYA=="],

    "@tailwindcss/oxide-android-arm64": ["@tailwindcss/oxide-android-arm64@4.1.5", "", { "os": "android", "cpu": "arm64" }, "sha512-LVvM0GirXHED02j7hSECm8l9GGJ1RfgpWCW+DRn5TvSaxVsv28gRtoL4aWKGnXqwvI3zu1GABeDNDVZeDPOQrw=="],

    "@tailwindcss/oxide-darwin-arm64": ["@tailwindcss/oxide-darwin-arm64@4.1.5", "", { "os": "darwin", "cpu": "arm64" }, "sha512-//TfCA3pNrgnw4rRJOqavW7XUk8gsg9ddi8cwcsWXp99tzdBAZW0WXrD8wDyNbqjW316Pk2hiN/NJx/KWHl8oA=="],

    "@tailwindcss/oxide-darwin-x64": ["@tailwindcss/oxide-darwin-x64@4.1.5", "", { "os": "darwin", "cpu": "x64" }, "sha512-XQorp3Q6/WzRd9OalgHgaqgEbjP3qjHrlSUb5k1EuS1Z9NE9+BbzSORraO+ecW432cbCN7RVGGL/lSnHxcd+7Q=="],

    "@tailwindcss/oxide-freebsd-x64": ["@tailwindcss/oxide-freebsd-x64@4.1.5", "", { "os": "freebsd", "cpu": "x64" }, "sha512-bPrLWbxo8gAo97ZmrCbOdtlz/Dkuy8NK97aFbVpkJ2nJ2Jo/rsCbu0TlGx8joCuA3q6vMWTSn01JY46iwG+clg=="],

    "@tailwindcss/oxide-linux-arm-gnueabihf": ["@tailwindcss/oxide-linux-arm-gnueabihf@4.1.5", "", { "os": "linux", "cpu": "arm" }, "sha512-1gtQJY9JzMAhgAfvd/ZaVOjh/Ju/nCoAsvOVJenWZfs05wb8zq+GOTnZALWGqKIYEtyNpCzvMk+ocGpxwdvaVg=="],

    "@tailwindcss/oxide-linux-arm64-gnu": ["@tailwindcss/oxide-linux-arm64-gnu@4.1.5", "", { "os": "linux", "cpu": "arm64" }, "sha512-dtlaHU2v7MtdxBXoqhxwsWjav7oim7Whc6S9wq/i/uUMTWAzq/gijq1InSgn2yTnh43kR+SFvcSyEF0GCNu1PQ=="],

    "@tailwindcss/oxide-linux-arm64-musl": ["@tailwindcss/oxide-linux-arm64-musl@4.1.5", "", { "os": "linux", "cpu": "arm64" }, "sha512-fg0F6nAeYcJ3CriqDT1iVrqALMwD37+sLzXs8Rjy8Z1ZHshJoYceodfyUwGJEsQoTyWbliFNRs2wMQNXtT7MVA=="],

    "@tailwindcss/oxide-linux-x64-gnu": ["@tailwindcss/oxide-linux-x64-gnu@4.1.5", "", { "os": "linux", "cpu": "x64" }, "sha512-SO+F2YEIAHa1AITwc8oPwMOWhgorPzzcbhWEb+4oLi953h45FklDmM8dPSZ7hNHpIk9p/SCZKUYn35t5fjGtHA=="],

    "@tailwindcss/oxide-linux-x64-musl": ["@tailwindcss/oxide-linux-x64-musl@4.1.5", "", { "os": "linux", "cpu": "x64" }, "sha512-6UbBBplywkk/R+PqqioskUeXfKcBht3KU7juTi1UszJLx0KPXUo10v2Ok04iBJIaDPkIFkUOVboXms5Yxvaz+g=="],

    "@tailwindcss/oxide-wasm32-wasi": ["@tailwindcss/oxide-wasm32-wasi@4.1.5", "", { "dependencies": { "@emnapi/core": "^1.4.3", "@emnapi/runtime": "^1.4.3", "@emnapi/wasi-threads": "^1.0.2", "@napi-rs/wasm-runtime": "^0.2.9", "@tybys/wasm-util": "^0.9.0", "tslib": "^2.8.0" }, "cpu": "none" }, "sha512-hwALf2K9FHuiXTPqmo1KeOb83fTRNbe9r/Ixv9ZNQ/R24yw8Ge1HOWDDgTdtzntIaIUJG5dfXCf4g9AD4RiyhQ=="],

    "@tailwindcss/oxide-win32-arm64-msvc": ["@tailwindcss/oxide-win32-arm64-msvc@4.1.5", "", { "os": "win32", "cpu": "arm64" }, "sha512-oDKncffWzaovJbkuR7/OTNFRJQVdiw/n8HnzaCItrNQUeQgjy7oUiYpsm9HUBgpmvmDpSSbGaCa2Evzvk3eFmA=="],

    "@tailwindcss/oxide-win32-x64-msvc": ["@tailwindcss/oxide-win32-x64-msvc@4.1.5", "", { "os": "win32", "cpu": "x64" }, "sha512-WiR4dtyrFdbb+ov0LK+7XsFOsG+0xs0PKZKkt41KDn9jYpO7baE3bXiudPVkTqUEwNfiglCygQHl2jklvSBi7Q=="],

    "@tailwindcss/vite": ["@tailwindcss/vite@4.1.5", "", { "dependencies": { "@tailwindcss/node": "4.1.5", "@tailwindcss/oxide": "4.1.5", "tailwindcss": "4.1.5" }, "peerDependencies": { "vite": "^5.2.0 || ^6" } }, "sha512-FE1stRoqdHSb7RxesMfCXE8icwI1W6zGE/512ae3ZDrpkQYTTYeSyUJPRCjZd8CwVAhpDUbi1YR8pcZioFJQ/w=="],

    "@tybys/wasm-util": ["@tybys/wasm-util@0.9.0", "", { "dependencies": { "tslib": "^2.4.0" } }, "sha512-6+7nlbMVX/PVDCwaIQ8nTOPveOcFLSt8GcXdx8hD0bt39uWxYT88uXzqTd4fTvqta7oeUJqudepapKNt2DYJFw=="],

    "@types/bun": ["@types/bun@1.2.13", "", { "dependencies": { "bun-types": "1.2.13" } }, "sha512-u6vXep/i9VBxoJl3GjZsl/BFIsvML8DfVDO0RYLEwtSZSp981kEO1V5NwRcO1CPJ7AmvpbnDCiMKo3JvbDEjAg=="],

    "@types/estree": ["@types/estree@1.0.7", "", {}, "sha512-w28IoSUCJpidD/TGviZwwMJckNESJZXFu7NBZ5YJ4mEUnNraUn9Pm8HSZm/jDF1pDWYKspWE7oVphigUPRakIQ=="],

    "@types/node": ["@types/node@22.15.3", "", { "dependencies": { "undici-types": "~6.21.0" } }, "sha512-lX7HFZeHf4QG/J7tBZqrCAXwz9J5RD56Y6MpP0eJkka8p+K0RY/yBTW7CYFJ4VGCclxqOLKmiGP5juQc6MKgcw=="],

    "acorn": ["acorn@8.14.1", "", { "bin": { "acorn": "bin/acorn" } }, "sha512-OvQ/2pUDKmgfCg++xsTX1wGxfTaszcHVcTctW4UJB4hibJx2HXxxO5UmVgyjMa+ZDsiaf5wWLXYpRWMmBI0QHg=="],

    "ansis": ["ansis@3.17.0", "", {}, "sha512-0qWUglt9JEqLFr3w1I1pbrChn1grhaiAR2ocX1PP/flRmxgtwTzPFFFnfIlD6aMOLQZgSuCRlidD70lvx8yhzg=="],

    "bun-types": ["bun-types@1.2.13", "", { "dependencies": { "@types/node": "*" } }, "sha512-rRjA1T6n7wto4gxhAO/ErZEtOXyEZEmnIHQfl0Dt1QQSB4QV0iP6BZ9/YB5fZaHFQ2dwHFrmPaRQ9GGMX01k9Q=="],

    "confbox": ["confbox@0.1.8", "", {}, "sha512-RMtmw0iFkeR4YV+fUOSucriAQNb9g8zFR52MWCtl+cCZOFRNL6zeB395vPzFhEjjn4fMxXudmELnl/KF/WrK6w=="],

    "csstype": ["csstype@3.1.3", "", {}, "sha512-M1uQkMl8rQK/szD0LNhtqxIPLpimGm8sOBwU7lLnCpSbTyY3yeU1Vc7l4KT5zT4s/yOxHH5O7tIuuLOCnLADRw=="],

    "detect-libc": ["detect-libc@2.0.4", "", {}, "sha512-3UDv+G9CsCKO1WKMGw9fwq/SWJYbI0c5Y7LU1AXYoDdbhE2AHQ6N6Nb34sG8Fj7T5APy8qXDCKuuIHd1BR0tVA=="],

    "dom-serializer": ["dom-serializer@2.0.0", "", { "dependencies": { "domelementtype": "^2.3.0", "domhandler": "^5.0.2", "entities": "^4.2.0" } }, "sha512-wIkAryiqt/nV5EQKqQpo3SToSOV9J0DnbJqwK7Wv/Trc92zIAYZ4FlMu+JPFW1DfGFt81ZTCGgDEabffXeLyJg=="],

    "domelementtype": ["domelementtype@2.3.0", "", {}, "sha512-OLETBj6w0OsagBwdXnPdN0cnMfF9opN69co+7ZrbfPGrdpPVNBUj02spi6B1N7wChLQiPn4CSH/zJvXw56gmHw=="],

    "domhandler": ["domhandler@5.0.3", "", { "dependencies": { "domelementtype": "^2.3.0" } }, "sha512-cgwlv/1iFQiFnU96XXgROh8xTeetsnJiDsTc7TYCLFd9+/WNkIqPTxiM/8pSd8VIrhXGTf1Ny1q1hquVqDJB5w=="],

    "domutils": ["domutils@3.2.2", "", { "dependencies": { "dom-serializer": "^2.0.0", "domelementtype": "^2.3.0", "domhandler": "^5.0.3" } }, "sha512-6kZKyUajlDuqlHKVX1w7gyslj9MPIXzIFiz/rGu35uC1wMi+kMhQwGhl4lt9unC9Vb9INnY9Z3/ZA3+FhASLaw=="],

    "enhanced-resolve": ["enhanced-resolve@5.18.1", "", { "dependencies": { "graceful-fs": "^4.2.4", "tapable": "^2.2.0" } }, "sha512-ZSW3ma5GkcQBIpwZTSRAI8N71Uuwgs93IezB7mf7R60tC8ZbJideoDNKjHn2O9KIlx6rkGTTEk1xUCK2E1Y2Yg=="],

    "entities": ["entities@6.0.0", "", {}, "sha512-aKstq2TDOndCn4diEyp9Uq/Flu2i1GlLkc6XIDQSDMuaFE3OPW5OphLCyQ5SpSJZTb4reN+kTcYru5yIfXoRPw=="],

    "estree-walker": ["estree-walker@3.0.3", "", { "dependencies": { "@types/estree": "^1.0.0" } }, "sha512-7RUKfXgSMMkzt6ZuXmqapOurLGPPfgj6l9uRZ7lRGolvk0y2yocc35LdcxKC5PQZdn2DMqioAQ2NoWcrTKmm6g=="],

    "fdir": ["fdir@6.4.4", "", { "peerDependencies": { "picomatch": "^3 || ^4" }, "optionalPeers": ["picomatch"] }, "sha512-1NZP+GK4GfuAv3PqKvxQRDMjdSRZjnkq7KfhlNrCNNlZ0ygQFpebfrnfnq/W7fpUnAv9aGWmY1zKx7FYL3gwhg=="],

    "fsevents": ["fsevents@2.3.3", "", { "os": "darwin" }, "sha512-5xoDfX+fL7faATnagmWPpbFtwh/R77WmMMqqHGS65C3vvB0YHrgF+B1YmZ3441tMj5n63k0212XNoJwzlhffQw=="],

    "graceful-fs": ["graceful-fs@4.2.11", "", {}, "sha512-RbJ5/jmFcNNCcDV5o9eTnBLJ/HszWV0P73bc+Ff4nS/rJj+YaS6IGyiOL0VoBYX+l1Wrl3k63h/KrH+nhJ0XvQ=="],

    "htmlparser2": ["htmlparser2@10.0.0", "", { "dependencies": { "domelementtype": "^2.3.0", "domhandler": "^5.0.3", "domutils": "^3.2.1", "entities": "^6.0.0" } }, "sha512-TwAZM+zE5Tq3lrEHvOlvwgj1XLWQCtaaibSN11Q+gGBAS7Y1uZSWwXXRe4iF6OXnaq1riyQAPFOBtYc77Mxq0g=="],

    "jiti": ["jiti@2.4.2", "", { "bin": { "jiti": "lib/jiti-cli.mjs" } }, "sha512-rg9zJN+G4n2nfJl5MW3BMygZX56zKPNVEYYqq7adpmMh4Jn2QNEwhvQlFy6jPVdcod7txZtKHWnyZiA3a0zP7A=="],

    "lightningcss": ["lightningcss@1.29.3", "", { "dependencies": { "detect-libc": "^2.0.3" }, "optionalDependencies": { "lightningcss-darwin-arm64": "1.29.3", "lightningcss-darwin-x64": "1.29.3", "lightningcss-freebsd-x64": "1.29.3", "lightningcss-linux-arm-gnueabihf": "1.29.3", "lightningcss-linux-arm64-gnu": "1.29.3", "lightningcss-linux-arm64-musl": "1.29.3", "lightningcss-linux-x64-gnu": "1.29.3", "lightningcss-linux-x64-musl": "1.29.3", "lightningcss-win32-arm64-msvc": "1.29.3", "lightningcss-win32-x64-msvc": "1.29.3" } }, "sha512-GlOJwTIP6TMIlrTFsxTerwC0W6OpQpCGuX1ECRLBUVRh6fpJH3xTqjCjRgQHTb4ZXexH9rtHou1Lf03GKzmhhQ=="],

    "lightningcss-darwin-arm64": ["lightningcss-darwin-arm64@1.29.3", "", { "os": "darwin", "cpu": "arm64" }, "sha512-fb7raKO3pXtlNbQbiMeEu8RbBVHnpyqAoxTyTRMEWFQWmscGC2wZxoHzZ+YKAepUuKT9uIW5vL2QbFivTgprZg=="],

    "lightningcss-darwin-x64": ["lightningcss-darwin-x64@1.29.3", "", { "os": "darwin", "cpu": "x64" }, "sha512-KF2XZ4ZdmDGGtEYmx5wpzn6u8vg7AdBHaEOvDKu8GOs7xDL/vcU2vMKtTeNe1d4dogkDdi3B9zC77jkatWBwEQ=="],

    "lightningcss-freebsd-x64": ["lightningcss-freebsd-x64@1.29.3", "", { "os": "freebsd", "cpu": "x64" }, "sha512-VUWeVf+V1UM54jv9M4wen9vMlIAyT69Krl9XjI8SsRxz4tdNV/7QEPlW6JASev/pYdiynUCW0pwaFquDRYdxMw=="],

    "lightningcss-linux-arm-gnueabihf": ["lightningcss-linux-arm-gnueabihf@1.29.3", "", { "os": "linux", "cpu": "arm" }, "sha512-UhgZ/XVNfXQVEJrMIWeK1Laj8KbhjbIz7F4znUk7G4zeGw7TRoJxhb66uWrEsonn1+O45w//0i0Fu0wIovYdYg=="],

    "lightningcss-linux-arm64-gnu": ["lightningcss-linux-arm64-gnu@1.29.3", "", { "os": "linux", "cpu": "arm64" }, "sha512-Pqau7jtgJNmQ/esugfmAT1aCFy/Gxc92FOxI+3n+LbMHBheBnk41xHDhc0HeYlx9G0xP5tK4t0Koy3QGGNqypw=="],

    "lightningcss-linux-arm64-musl": ["lightningcss-linux-arm64-musl@1.29.3", "", { "os": "linux", "cpu": "arm64" }, "sha512-dxakOk66pf7KLS7VRYFO7B8WOJLecE5OPL2YOk52eriFd/yeyxt2Km5H0BjLfElokIaR+qWi33gB8MQLrdAY3A=="],

    "lightningcss-linux-x64-gnu": ["lightningcss-linux-x64-gnu@1.29.3", "", { "os": "linux", "cpu": "x64" }, "sha512-ySZTNCpbfbK8rqpKJeJR2S0g/8UqqV3QnzcuWvpI60LWxnFN91nxpSSwCbzfOXkzKfar9j5eOuOplf+klKtINg=="],

    "lightningcss-linux-x64-musl": ["lightningcss-linux-x64-musl@1.29.3", "", { "os": "linux", "cpu": "x64" }, "sha512-3pVZhIzW09nzi10usAXfIGTTSTYQ141dk88vGFNCgawIzayiIzZQxEcxVtIkdvlEq2YuFsL9Wcj/h61JHHzuFQ=="],

    "lightningcss-win32-arm64-msvc": ["lightningcss-win32-arm64-msvc@1.29.3", "", { "os": "win32", "cpu": "arm64" }, "sha512-VRnkAvtIkeWuoBJeGOTrZxsNp4HogXtcaaLm8agmbYtLDOhQdpgxW6NjZZjDXbvGF+eOehGulXZ3C1TiwHY4QQ=="],

    "lightningcss-win32-x64-msvc": ["lightningcss-win32-x64-msvc@1.29.3", "", { "os": "win32", "cpu": "x64" }, "sha512-IszwRPu2cPnDQsZpd7/EAr0x2W7jkaWqQ1SwCVIZ/tSbZVXPLt6k8s6FkcyBjViCzvB5CW0We0QbbP7zp2aBjQ=="],

    "magic-regexp": ["magic-regexp@0.9.0", "", { "dependencies": { "estree-walker": "^3.0.3", "magic-string": "^0.30.12", "mlly": "^1.7.2", "regexp-tree": "^0.1.27", "type-level-regexp": "~0.1.17", "ufo": "^1.5.4", "unplugin": "^2.0.0" } }, "sha512-38JnInQa7MN4M1ZhuBcl4kB9T0pqMJsrl9OswhHUIRqtQXOAvtA3+vav4qpU/YMLuC3FBrH35oXxoTsrWqMvIA=="],

    "magic-string": ["magic-string@0.30.17", "", { "dependencies": { "@jridgewell/sourcemap-codec": "^1.5.0" } }, "sha512-sNPKHvyjVf7gyjwS4xGTaW/mCnF8wnjtifKBEhxfZ7E/S8tQ0rssrwGNn6q8JH/ohItJfSQp9mBtQYuTlH5QnA=="],

    "mlly": ["mlly@1.7.4", "", { "dependencies": { "acorn": "^8.14.0", "pathe": "^2.0.1", "pkg-types": "^1.3.0", "ufo": "^1.5.4" } }, "sha512-qmdSIPC4bDJXgZTCR7XosJiNKySV7O215tsPtDN9iEO/7q/76b/ijtgRu/+epFXSJhijtTCCGp3DWS549P3xKw=="],

    "nanoid": ["nanoid@3.3.11", "", { "bin": { "nanoid": "bin/nanoid.cjs" } }, "sha512-N8SpfPUnUp1bK+PMYW8qSWdl9U+wwNWI4QKxOYDy9JAro3WMX7p2OeVRF9v+347pnakNevPmiHhNmZ2HbFA76w=="],

    "oxc-parser": ["oxc-parser@0.67.0", "", { "dependencies": { "@oxc-project/types": "^0.67.0" }, "optionalDependencies": { "@oxc-parser/binding-darwin-arm64": "0.67.0", "@oxc-parser/binding-darwin-x64": "0.67.0", "@oxc-parser/binding-linux-arm-gnueabihf": "0.67.0", "@oxc-parser/binding-linux-arm64-gnu": "0.67.0", "@oxc-parser/binding-linux-arm64-musl": "0.67.0", "@oxc-parser/binding-linux-x64-gnu": "0.67.0", "@oxc-parser/binding-linux-x64-musl": "0.67.0", "@oxc-parser/binding-wasm32-wasi": "0.67.0", "@oxc-parser/binding-win32-arm64-msvc": "0.67.0", "@oxc-parser/binding-win32-x64-msvc": "0.67.0" } }, "sha512-07arJoEJQopwEQ3gDu220l9J7i4XIyOWUGhfRalOX6gKEEYZIaqts5zJvFNtwNSjCc2yHMYscAdHNAB8nRazjA=="],

    "oxc-walker": ["oxc-walker@0.2.5", "", { "dependencies": { "estree-walker": "^3.0.3", "magic-regexp": "^0.9.0" }, "peerDependencies": { "oxc-parser": ">=0.63.0" } }, "sha512-ZDkb4ue7kXlo58zAE0g7xkLxqXq+ERNUM3mPmUv8TszEs6qaDfSeIamV1b95UxE4cEMNAFNh3OKp42O0Zc7HGw=="],

    "pathe": ["pathe@2.0.3", "", {}, "sha512-WUjGcAqP1gQacoQe+OBJsFA7Ld4DyXuUIjZ5cc75cLHvJ7dtNsTugphxIADwspS+AraAUePCKrSVtPLFj/F88w=="],

    "picocolors": ["picocolors@1.1.1", "", {}, "sha512-xceH2snhtb5M9liqDsmEw56le376mTZkEX/jEb/RxNFyegNul7eNslCXP9FDj/Lcu0X8KEyMceP2ntpaHrDEVA=="],

    "picomatch": ["picomatch@4.0.2", "", {}, "sha512-M7BAV6Rlcy5u+m6oPhAPFgJTzAioX/6B0DxyvDlo9l8+T3nLKbrczg2WLUyzd45L8RqfUMyGPzekbMvX2Ldkwg=="],

    "pkg-types": ["pkg-types@1.3.1", "", { "dependencies": { "confbox": "^0.1.8", "mlly": "^1.7.4", "pathe": "^2.0.1" } }, "sha512-/Jm5M4RvtBFVkKWRu2BLUTNP8/M2a+UwuAX+ae4770q1qVGtfjG+WTCupoZixokjmHiry8uI+dlY8KXYV5HVVQ=="],

    "postcss": ["postcss@8.5.3", "", { "dependencies": { "nanoid": "^3.3.8", "picocolors": "^1.1.1", "source-map-js": "^1.2.1" } }, "sha512-dle9A3yYxlBSrt8Fu+IpjGT8SY8hN0mlaA6GY8t0P5PjIOZemULz/E2Bnm/2dcUOena75OTNkHI76uZBNUUq3A=="],

    "regexp-tree": ["regexp-tree@0.1.27", "", { "bin": { "regexp-tree": "bin/regexp-tree" } }, "sha512-iETxpjK6YoRWJG5o6hXLwvjYAoW+FEZn9os0PD/b6AP6xQwsa/Y7lCVgIixBbUPMfhu+i2LtdeAqVTgGlQarfA=="],

    "retend": ["retend@https://pkg.pr.new/resuite/retend@4069acc", { "dependencies": { "@adbl/cells": "^0.0.14", "csstype": "^3.1.3" } }],

    "retend-server": ["retend-server@https://pkg.pr.new/resuite/retend/retend-server@4069acc", { "dependencies": { "acorn": "^8.14.1", "domhandler": "^5.0.3", "estree-walker": "^3.0.3", "htmlparser2": "^10.0.0", "magic-string": "^0.30.17", "oxc-walker": "^0.2.5" }, "peerDependencies": { "retend": "^0.0.12" } }],

    "retend-utils": ["retend-utils@https://pkg.pr.new/resuite/retend/retend-utils@4069acc", { "peerDependencies": { "retend": "^0.0.12" } }],

    "rolldown": ["rolldown@1.0.0-beta.8-commit.c76291c", "", { "dependencies": { "@oxc-project/types": "0.68.1", "ansis": "^3.17.0" }, "optionalDependencies": { "@rolldown/binding-darwin-arm64": "1.0.0-beta.8-commit.c76291c", "@rolldown/binding-darwin-x64": "1.0.0-beta.8-commit.c76291c", "@rolldown/binding-freebsd-x64": "1.0.0-beta.8-commit.c76291c", "@rolldown/binding-linux-arm-gnueabihf": "1.0.0-beta.8-commit.c76291c", "@rolldown/binding-linux-arm64-gnu": "1.0.0-beta.8-commit.c76291c", "@rolldown/binding-linux-arm64-musl": "1.0.0-beta.8-commit.c76291c", "@rolldown/binding-linux-x64-gnu": "1.0.0-beta.8-commit.c76291c", "@rolldown/binding-linux-x64-musl": "1.0.0-beta.8-commit.c76291c", "@rolldown/binding-wasm32-wasi": "1.0.0-beta.8-commit.c76291c", "@rolldown/binding-win32-arm64-msvc": "1.0.0-beta.8-commit.c76291c", "@rolldown/binding-win32-ia32-msvc": "1.0.0-beta.8-commit.c76291c", "@rolldown/binding-win32-x64-msvc": "1.0.0-beta.8-commit.c76291c" }, "peerDependencies": { "@oxc-project/runtime": "0.68.1" }, "optionalPeers": ["@oxc-project/runtime"], "bin": { "rolldown": "bin/cli.mjs" } }, "sha512-zjspfhO4u5+v9fiS+Om9DnpCrmq7jdTusu5x+un2oxqpHY2Ds6IllZFmgvAx48X4H9EYmJJ0YJHD6ruW5SX5EQ=="],

    "source-map-js": ["source-map-js@1.2.1", "", {}, "sha512-UXWMKhLOwVKb728IUtQPXxfYU+usdybtUrK/8uGE8CQMvrhOpwvzDBwj0QhSL7MQc7vIsISBG8VQ8+IDQxpfQA=="],

    "tailwindcss": ["tailwindcss@4.1.5", "", {}, "sha512-nYtSPfWGDiWgCkwQG/m+aX83XCwf62sBgg3bIlNiiOcggnS1x3uVRDAuyelBFL+vJdOPPCGElxv9DjHJjRHiVA=="],

    "tapable": ["tapable@2.2.1", "", {}, "sha512-GNzQvQTOIP6RyTfE2Qxb8ZVlNmw0n88vp1szwWRimP02mnTsx3Wtn5qRdqY9w2XduFNUgvOwhNnQsjwCp+kqaQ=="],

    "tinyglobby": ["tinyglobby@0.2.13", "", { "dependencies": { "fdir": "^6.4.4", "picomatch": "^4.0.2" } }, "sha512-mEwzpUgrLySlveBwEVDMKk5B57bhLPYovRfPAXD5gA/98Opn0rCDj3GtLwFvCvH5RK9uPCExUROW5NjDwvqkxw=="],

    "tslib": ["tslib@2.8.1", "", {}, "sha512-oJFu94HQb+KVduSUQL7wnpmqnfmLsOA/nAh6b6EH0wCEoK0/mPeXU6c3wKDV83MkOuHPRHtSXKKU99IBazS/2w=="],

    "type-level-regexp": ["type-level-regexp@0.1.17", "", {}, "sha512-wTk4DH3cxwk196uGLK/E9pE45aLfeKJacKmcEgEOA/q5dnPGNxXt0cfYdFxb57L+sEpf1oJH4Dnx/pnRcku9jg=="],

    "typescript": ["typescript@5.8.3", "", { "bin": { "tsc": "bin/tsc", "tsserver": "bin/tsserver" } }, "sha512-p1diW6TqL9L07nNxvRMM7hMMw4c5XOo/1ibL4aAIGmSAt9slTE1Xgw5KWuof2uTOvCg9BY7ZRi+GaF+7sfgPeQ=="],

    "ufo": ["ufo@1.6.1", "", {}, "sha512-9a4/uxlTWJ4+a5i0ooc1rU7C7YOw3wT+UGqdeNNHWnOF9qcMBgLRS+4IYUqbczewFx4mLEig6gawh7X6mFlEkA=="],

    "undici-types": ["undici-types@6.21.0", "", {}, "sha512-iwDZqg0QAGrg9Rav5H4n0M64c3mkR59cJ6wQp+7C4nI0gsmExaedaYLNO44eT4AtBBwjbTiGPMlt2Md0T9H9JQ=="],

    "unplugin": ["unplugin@2.3.2", "", { "dependencies": { "acorn": "^8.14.1", "picomatch": "^4.0.2", "webpack-virtual-modules": "^0.6.2" } }, "sha512-3n7YA46rROb3zSj8fFxtxC/PqoyvYQ0llwz9wtUPUutr9ig09C8gGo5CWCwHrUzlqC1LLR43kxp5vEIyH1ac1w=="],

    "vite": ["rolldown-vite@6.3.8", "", { "dependencies": { "@oxc-project/runtime": "0.68.1", "fdir": "^6.4.4", "lightningcss": "^1.29.3", "picomatch": "^4.0.2", "postcss": "^8.5.3", "rolldown": "1.0.0-beta.8-commit.c76291c", "tinyglobby": "^0.2.13" }, "optionalDependencies": { "fsevents": "~2.3.3" }, "peerDependencies": { "@types/node": "^18.0.0 || ^20.0.0 || >=22.0.0", "esbuild": "^0.25.0", "jiti": ">=1.21.0", "less": "*", "sass": "*", "sass-embedded": "*", "stylus": "*", "sugarss": "*", "terser": "^5.16.0", "tsx": "^4.8.1", "yaml": "^2.4.2" }, "optionalPeers": ["@types/node", "esbuild", "jiti", "less", "sass", "sass-embedded", "stylus", "sugarss", "terser", "tsx", "yaml"], "bin": { "vite": "bin/vite.js" } }, "sha512-IVvwL2etklONhkP0Wmti3UipU/URRefzMLh7MdKAdsWvIXJy5cP2yxDyDkQxp+RhXPu3Iku4ERYC2u700eGcEA=="],

    "webpack-virtual-modules": ["webpack-virtual-modules@0.6.2", "", {}, "sha512-66/V2i5hQanC51vBQKPH4aI8NMAcBW59FVBs+rC7eGHupMyfn34q7rZIE+ETlJ+XTevqfUhVVBgSUNSW2flEUQ=="],

    "@tailwindcss/node/lightningcss": ["lightningcss@1.29.2", "", { "dependencies": { "detect-libc": "^2.0.3" }, "optionalDependencies": { "lightningcss-darwin-arm64": "1.29.2", "lightningcss-darwin-x64": "1.29.2", "lightningcss-freebsd-x64": "1.29.2", "lightningcss-linux-arm-gnueabihf": "1.29.2", "lightningcss-linux-arm64-gnu": "1.29.2", "lightningcss-linux-arm64-musl": "1.29.2", "lightningcss-linux-x64-gnu": "1.29.2", "lightningcss-linux-x64-musl": "1.29.2", "lightningcss-win32-arm64-msvc": "1.29.2", "lightningcss-win32-x64-msvc": "1.29.2" } }, "sha512-6b6gd/RUXKaw5keVdSEtqFVdzWnU5jMxTUjA2bVcMNPLwSQ08Sv/UodBVtETLCn7k4S1Ibxwh7k68IwLZPgKaA=="],

    "@tailwindcss/oxide-wasm32-wasi/@emnapi/core": ["@emnapi/core@1.4.3", "", { "dependencies": { "@emnapi/wasi-threads": "1.0.2", "tslib": "^2.4.0" }, "bundled": true }, "sha512-4m62DuCE07lw01soJwPiBGC0nAww0Q+RY70VZ+n49yDIO13yyinhbWCeNnaob0lakDtWQzSdtNWzJeOJt2ma+g=="],

    "@tailwindcss/oxide-wasm32-wasi/@emnapi/runtime": ["@emnapi/runtime@1.4.3", "", { "dependencies": { "tslib": "^2.4.0" }, "bundled": true }, "sha512-pBPWdu6MLKROBX05wSNKcNb++m5Er+KQ9QkB+WVM+pW2Kx9hoSrVTnu3BdkI5eBLZoKu/J6mW/B6i6bJB2ytXQ=="],

    "@tailwindcss/oxide-wasm32-wasi/@emnapi/wasi-threads": ["@emnapi/wasi-threads@1.0.2", "", { "dependencies": { "tslib": "^2.4.0" }, "bundled": true }, "sha512-5n3nTJblwRi8LlXkJ9eBzu+kZR8Yxcc7ubakyQTFzPMtIhFpUBRbsnc2Dv88IZDIbCDlBiWrknhB4Lsz7mg6BA=="],

    "@tailwindcss/oxide-wasm32-wasi/@napi-rs/wasm-runtime": ["@napi-rs/wasm-runtime@0.2.9", "", { "dependencies": { "@emnapi/core": "^1.4.0", "@emnapi/runtime": "^1.4.0", "@tybys/wasm-util": "^0.9.0" }, "bundled": true }, "sha512-OKRBiajrrxB9ATokgEQoG87Z25c67pCpYcCwmXYX8PBftC9pBfN18gnm/fh1wurSLEKIAt+QRFLFCQISrb66Jg=="],

    "@tailwindcss/oxide-wasm32-wasi/@tybys/wasm-util": ["@tybys/wasm-util@0.9.0", "", { "dependencies": { "tslib": "^2.4.0" }, "bundled": true }, "sha512-6+7nlbMVX/PVDCwaIQ8nTOPveOcFLSt8GcXdx8hD0bt39uWxYT88uXzqTd4fTvqta7oeUJqudepapKNt2DYJFw=="],

    "@tailwindcss/oxide-wasm32-wasi/tslib": ["tslib@2.8.1", "", { "bundled": true }, "sha512-oJFu94HQb+KVduSUQL7wnpmqnfmLsOA/nAh6b6EH0wCEoK0/mPeXU6c3wKDV83MkOuHPRHtSXKKU99IBazS/2w=="],

    "dom-serializer/entities": ["entities@4.5.0", "", {}, "sha512-V0hjH4dGPh9Ao5p0MoRY6BVqtwCjhz6vI5LT8AJ55H+4g9/4vbHx1I54fS0XuclLhDHArPQCiMjDxjaL8fPxhw=="],

    "oxc-parser/@oxc-project/types": ["@oxc-project/types@0.67.0", "", {}, "sha512-AI7inoYvnVro7b8S2Z+Fxi295xQvNKLP1CM/xzx5il4R3aiGgnFt9qiXaRo9vIutataX8AjHcaPnOsjdcItU0w=="],

    "retend-server/retend": ["retend@0.0.12", "", { "dependencies": { "@adbl/cells": "^0.0.14", "csstype": "^3.1.3" } }, "sha512-Ro3yk8GUXn/ebz0O1gwzwIABAIx8EZC7R9e+bURJeFBkJS0lgsekhQMOiPJDaqBGCWmOuZIQANMISXf1G5N07A=="],

    "retend-utils/retend": ["retend@0.0.12", "", { "dependencies": { "@adbl/cells": "^0.0.14", "csstype": "^3.1.3" } }, "sha512-Ro3yk8GUXn/ebz0O1gwzwIABAIx8EZC7R9e+bURJeFBkJS0lgsekhQMOiPJDaqBGCWmOuZIQANMISXf1G5N07A=="],

    "@tailwindcss/node/lightningcss/lightningcss-darwin-arm64": ["lightningcss-darwin-arm64@1.29.2", "", { "os": "darwin", "cpu": "arm64" }, "sha512-cK/eMabSViKn/PG8U/a7aCorpeKLMlK0bQeNHmdb7qUnBkNPnL+oV5DjJUo0kqWsJUapZsM4jCfYItbqBDvlcA=="],

    "@tailwindcss/node/lightningcss/lightningcss-darwin-x64": ["lightningcss-darwin-x64@1.29.2", "", { "os": "darwin", "cpu": "x64" }, "sha512-j5qYxamyQw4kDXX5hnnCKMf3mLlHvG44f24Qyi2965/Ycz829MYqjrVg2H8BidybHBp9kom4D7DR5VqCKDXS0w=="],

    "@tailwindcss/node/lightningcss/lightningcss-freebsd-x64": ["lightningcss-freebsd-x64@1.29.2", "", { "os": "freebsd", "cpu": "x64" }, "sha512-wDk7M2tM78Ii8ek9YjnY8MjV5f5JN2qNVO+/0BAGZRvXKtQrBC4/cn4ssQIpKIPP44YXw6gFdpUF+Ps+RGsCwg=="],

    "@tailwindcss/node/lightningcss/lightningcss-linux-arm-gnueabihf": ["lightningcss-linux-arm-gnueabihf@1.29.2", "", { "os": "linux", "cpu": "arm" }, "sha512-IRUrOrAF2Z+KExdExe3Rz7NSTuuJ2HvCGlMKoquK5pjvo2JY4Rybr+NrKnq0U0hZnx5AnGsuFHjGnNT14w26sg=="],

    "@tailwindcss/node/lightningcss/lightningcss-linux-arm64-gnu": ["lightningcss-linux-arm64-gnu@1.29.2", "", { "os": "linux", "cpu": "arm64" }, "sha512-KKCpOlmhdjvUTX/mBuaKemp0oeDIBBLFiU5Fnqxh1/DZ4JPZi4evEH7TKoSBFOSOV3J7iEmmBaw/8dpiUvRKlQ=="],

    "@tailwindcss/node/lightningcss/lightningcss-linux-arm64-musl": ["lightningcss-linux-arm64-musl@1.29.2", "", { "os": "linux", "cpu": "arm64" }, "sha512-Q64eM1bPlOOUgxFmoPUefqzY1yV3ctFPE6d/Vt7WzLW4rKTv7MyYNky+FWxRpLkNASTnKQUaiMJ87zNODIrrKQ=="],

    "@tailwindcss/node/lightningcss/lightningcss-linux-x64-gnu": ["lightningcss-linux-x64-gnu@1.29.2", "", { "os": "linux", "cpu": "x64" }, "sha512-0v6idDCPG6epLXtBH/RPkHvYx74CVziHo6TMYga8O2EiQApnUPZsbR9nFNrg2cgBzk1AYqEd95TlrsL7nYABQg=="],

    "@tailwindcss/node/lightningcss/lightningcss-linux-x64-musl": ["lightningcss-linux-x64-musl@1.29.2", "", { "os": "linux", "cpu": "x64" }, "sha512-rMpz2yawkgGT8RULc5S4WiZopVMOFWjiItBT7aSfDX4NQav6M44rhn5hjtkKzB+wMTRlLLqxkeYEtQ3dd9696w=="],

    "@tailwindcss/node/lightningcss/lightningcss-win32-arm64-msvc": ["lightningcss-win32-arm64-msvc@1.29.2", "", { "os": "win32", "cpu": "arm64" }, "sha512-nL7zRW6evGQqYVu/bKGK+zShyz8OVzsCotFgc7judbt6wnB2KbiKKJwBE4SGoDBQ1O94RjW4asrCjQL4i8Fhbw=="],

    "@tailwindcss/node/lightningcss/lightningcss-win32-x64-msvc": ["lightningcss-win32-x64-msvc@1.29.2", "", { "os": "win32", "cpu": "x64" }, "sha512-EdIUW3B2vLuHmv7urfzMI/h2fmlnOQBk1xlsDxkN1tCWKjNFjfLhGxYk8C8mzpSfr+A6jFFIi8fU6LbQGsRWjA=="],
  }
}
